# This file is automatically @generated by Cargo.
# It is not intended for manual editing.
version = 3

[[package]]
name = "git-warpper"
version = "0.1.0"
dependencies = [
 "path-slash",
]

[[package]]
name = "path-slash"
version = "0.1.5"
source = "registry+https://github.com/rust-lang/crates.io-index"
checksum = "498a099351efa4becc6a19c72aa9270598e8fd274ca47052e37455241c88b696"
